
Microsoft Visual Studio Solution File, Format Version 12.00
# Visual Studio Version 17
VisualStudioVersion = 17.3.32929.385
MinimumVisualStudioVersion = 10.0.40219.1
Project("{9A19103F-16F7-4668-BE54-9A1E7A4F7556}") = "DenemeProje.Web", "DenemeProje.Web\DenemeProje.Web.csproj", "{5E6AB6E7-C244-4046-9802-EF538F201A12}"
EndProject
Project("{9A19103F-16F7-4668-BE54-9A1E7A4F7556}") = "OOP", "OOP\OOP.csproj", "{2AD14AEF-8048-401B-B148-2A88898C7DCE}"
EndProject
Project("{FAE04EC0-301F-11D3-BF4B-00C04F79EFBC}") = "DenemeVLogin", "DenemeVLogin\DenemeVLogin.csproj", "{1F4FEEAD-6439-4A7E-889E-0D5B26BAB889}"
EndProject
Global
	GlobalSection(SolutionConfigurationPlatforms) = preSolution
		Debug|Any CPU = Debug|Any CPU
		Release|Any CPU = Release|Any CPU
	EndGlobalSection
	GlobalSection(ProjectConfigurationPlatforms) = postSolution
		{5E6AB6E7-C244-4046-9802-EF538F201A12}.Debug|Any CPU.ActiveCfg = Debug|Any CPU
		{5E6AB6E7-C244-4046-9802-EF538F201A12}.Debug|Any CPU.Build.0 = Debug|Any CPU
		{5E6AB6E7-C244-4046-9802-EF538F201A12}.Release|Any CPU.ActiveCfg = Release|Any CPU
		{5E6AB6E7-C244-4046-9802-EF538F201A12}.Release|Any CPU.Build.0 = Release|Any CPU
		{2AD14AEF-8048-401B-B148-2A88898C7DCE}.Debug|Any CPU.ActiveCfg = Debug|Any CPU
		{2AD14AEF-8048-401B-B148-2A88898C7DCE}.Debug|Any CPU.Build.0 = Debug|Any CPU
		{2AD14AEF-8048-401B-B148-2A88898C7DCE}.Release|Any CPU.ActiveCfg = Release|Any CPU
		{2AD14AEF-8048-401B-B148-2A88898C7DCE}.Release|Any CPU.Build.0 = Release|Any CPU
		{1F4FEEAD-6439-4A7E-889E-0D5B26BAB889}.Debug|Any CPU.ActiveCfg = Debug|Any CPU
		{1F4FEEAD-6439-4A7E-889E-0D5B26BAB889}.Debug|Any CPU.Build.0 = Debug|Any CPU
		{1F4FEEAD-6439-4A7E-889E-0D5B26BAB889}.Release|Any CPU.ActiveCfg = Release|Any CPU
		{1F4FEEAD-6439-4A7E-889E-0D5B26BAB889}.Release|Any CPU.Build.0 = Release|Any CPU
	EndGlobalSection
	GlobalSection(SolutionProperties) = preSolution
		HideSolutionNode = FALSE
	EndGlobalSection
	GlobalSection(ExtensibilityGlobals) = postSolution
		SolutionGuid = {26EAED9D-BAAD-4668-A411-E06EA0DEE9A9}
	EndGlobalSection
EndGlobal
